
Microsoft Visual Studio Solution File, Format Version 12.00
# Visual Studio Version 17
VisualStudioVersion = 17.6.33815.320
MinimumVisualStudioVersion = 10.0.40219.1
Project("{FAE04EC0-301F-11D3-BF4B-00C04F79EFBC}") = "Life_insurance_project", "Life_insurance_project.csproj", "{C67AE503-831D-458D-B096-79EB7F42D908}"
EndProject
Global
	GlobalSection(SolutionConfigurationPlatforms) = preSolution
		Debug|Any CPU = Debug|Any CPU
		Release|Any CPU = Release|Any CPU
	EndGlobalSection
	GlobalSection(ProjectConfigurationPlatforms) = postSolution
		{C67AE503-831D-458D-B096-79EB7F42D908}.Debug|Any CPU.ActiveCfg = Debug|Any CPU
		{C67AE503-831D-458D-B096-79EB7F42D908}.Debug|Any CPU.Build.0 = Debug|Any CPU
		{C67AE503-831D-458D-B096-79EB7F42D908}.Release|Any CPU.ActiveCfg = Release|Any CPU
		{C67AE503-831D-458D-B096-79EB7F42D908}.Release|Any CPU.Build.0 = Release|Any CPU
	EndGlobalSection
	GlobalSection(SolutionProperties) = preSolution
		HideSolutionNode = FALSE
	EndGlobalSection
	GlobalSection(ExtensibilityGlobals) = postSolution
		SolutionGuid = {DEEFEB5C-8B27-4ED3-9EF4-5B4F962279C6}
	EndGlobalSection
EndGlobal
